// !$*UTF8*$!
{
	archiveVersion = 1;
	classes = {
	};
	objectVersion = 56;
	objects = {

/* Begin PBXBuildFile section */
		821CAA222A4CDF31002517A2 /* AppDelegate.swift in Sources */ = {isa = PBXBuildFile; fileRef = 821CAA212A4CDF31002517A2 /* AppDelegate.swift */; };
		821CAA242A4CDF31002517A2 /* SceneDelegate.swift in Sources */ = {isa = PBXBuildFile; fileRef = 821CAA232A4CDF31002517A2 /* SceneDelegate.swift */; };
		821CAA262A4CDF31002517A2 /* ViewController.swift in Sources */ = {isa = PBXBuildFile; fileRef = 821CAA252A4CDF31002517A2 /* ViewController.swift */; };
		821CAA292A4CDF31002517A2 /* Main.storyboard in Resources */ = {isa = PBXBuildFile; fileRef = 821CAA272A4CDF31002517A2 /* Main.storyboard */; };
		821CAA2C2A4CDF31002517A2 /* Astro_Torch.xcdatamodeld in Sources */ = {isa = PBXBuildFile; fileRef = 821CAA2A2A4CDF31002517A2 /* Astro_Torch.xcdatamodeld */; };
		821CAA2E2A4CDF39002517A2 /* Assets.xcassets in Resources */ = {isa = PBXBuildFile; fileRef = 821CAA2D2A4CDF39002517A2 /* Assets.xcassets */; };
		821CAA312A4CDF39002517A2 /* LaunchScreen.storyboard in Resources */ = {isa = PBXBuildFile; fileRef = 821CAA2F2A4CDF39002517A2 /* LaunchScreen.storyboard */; };
		821CAA3C2A4CDF39002517A2 /* Astro_TorchTests.swift in Sources */ = {isa = PBXBuildFile; fileRef = 821CAA3B2A4CDF39002517A2 /* Astro_TorchTests.swift */; };
		821CAA462A4CDF39002517A2 /* Astro_TorchUITests.swift in Sources */ = {isa = PBXBuildFile; fileRef = 821CAA452A4CDF39002517A2 /* Astro_TorchUITests.swift */; };
		821CAA482A4CDF39002517A2 /* Astro_TorchUITestsLaunchTests.swift in Sources */ = {isa = PBXBuildFile; fileRef = 821CAA472A4CDF39002517A2 /* Astro_TorchUITestsLaunchTests.swift */; };
/* End PBXBuildFile section */

/* Begin PBXContainerItemProxy section */
		821CAA382A4CDF39002517A2 /* PBXContainerItemProxy */ = {
			isa = PBXContainerItemProxy;
			containerPortal = 821CAA162A4CDF31002517A2 /* Project object */;
			proxyType = 1;
			remoteGlobalIDString = 821CAA1D2A4CDF31002517A2;
			remoteInfo = "Astro Torch";
		};
		821CAA422A4CDF39002517A2 /* PBXContainerItemProxy */ = {
			isa = PBXContainerItemProxy;
			containerPortal = 821CAA162A4CDF31002517A2 /* Project object */;
			proxyType = 1;
			remoteGlobalIDString = 821CAA1D2A4CDF31002517A2;
			remoteInfo = "Astro Torch";
		};
/* End PBXContainerItemProxy section */

/* Begin PBXFileReference section */
		821CAA1E2A4CDF31002517A2 /* Astro Torch.app */ = {isa = PBXFileReference; explicitFileType = wrapper.application; includeInIndex = 0; path = "Astro Torch.app"; sourceTree = BUILT_PRODUCTS_DIR; };
		821CAA212A4CDF31002517A2 /* AppDelegate.swift */ = {isa = PBXFileReference; lastKnownFileType = sourcecode.swift; path = AppDelegate.swift; sourceTree = "<group>"; };
		821CAA232A4CDF31002517A2 /* SceneDelegate.swift */ = {isa = PBXFileReference; lastKnownFileType = sourcecode.swift; path = SceneDelegate.swift; sourceTree = "<group>"; };
		821CAA252A4CDF31002517A2 /* ViewController.swift */ = {isa = PBXFileReference; lastKnownFileType = sourcecode.swift; path = ViewController.swift; sourceTree = "<group>"; };
		821CAA282A4CDF31002517A2 /* Base */ = {isa = PBXFileReference; lastKnownFileType = file.storyboard; name = Base; path = Base.lproj/Main.storyboard; sourceTree = "<group>"; };
		821CAA2B2A4CDF31002517A2 /* Astro_Torch.xcdatamodel */ = {isa = PBXFileReference; lastKnownFileType = wrapper.xcdatamodel; path = Astro_Torch.xcdatamodel; sourceTree = "<group>"; };
		821CAA2D2A4CDF39002517A2 /* Assets.xcassets */ = {isa = PBXFileReference; lastKnownFileType = folder.assetcatalog; path = Assets.xcassets; sourceTree = "<group>"; };
		821CAA302A4CDF39002517A2 /* Base */ = {isa = PBXFileReference; lastKnownFileType = file.storyboard; name = Base; path = Base.lproj/LaunchScreen.storyboard; sourceTree = "<group>"; };
		821CAA322A4CDF39002517A2 /* Info.plist */ = {isa = PBXFileReference; lastKnownFileType = text.plist.xml; path = Info.plist; sourceTree = "<group>"; };
		821CAA372A4CDF39002517A2 /* Astro TorchTests.xctest */ = {isa = PBXFileReference; explicitFileType = wrapper.cfbundle; includeInIndex = 0; path = "Astro TorchTests.xctest"; sourceTree = BUILT_PRODUCTS_DIR; };
		821CAA3B2A4CDF39002517A2 /* Astro_TorchTests.swift */ = {isa = PBXFileReference; lastKnownFileType = sourcecode.swift; path = Astro_TorchTests.swift; sourceTree = "<group>"; };
		821CAA412A4CDF39002517A2 /* Astro TorchUITests.xctest */ = {isa = PBXFileReference; explicitFileType = wrapper.cfbundle; includeInIndex = 0; path = "Astro TorchUITests.xctest"; sourceTree = BUILT_PRODUCTS_DIR; };
		821CAA452A4CDF39002517A2 /* Astro_TorchUITests.swift */ = {isa = PBXFileReference; lastKnownFileType = sourcecode.swift; path = Astro_TorchUITests.swift; sourceTree = "<group>"; };
		821CAA472A4CDF39002517A2 /* Astro_TorchUITestsLaunchTests.swift */ = {isa = PBXFileReference; lastKnownFileType = sourcecode.swift; path = Astro_TorchUITestsLaunchTests.swift; sourceTree = "<group>"; };
/* End PBXFileReference section */

/* Begin PBXFrameworksBuildPhase section */
		821CAA1B2A4CDF31002517A2 /* Frameworks */ = {
			isa = PBXFrameworksBuildPhase;
			buildActionMask = 2147483647;
			files = (
			);
			runOnlyForDeploymentPostprocessing = 0;
		};
		821CAA342A4CDF39002517A2 /* Frameworks */ = {
			isa = PBXFrameworksBuildPhase;
			buildActionMask = 2147483647;
			files = (
			);
			runOnlyForDeploymentPostprocessing = 0;
		};
		821CAA3E2A4CDF39002517A2 /* Frameworks */ = {
			isa = PBXFrameworksBuildPhase;
			buildActionMask = 2147483647;
			files = (
			);
			runOnlyForDeploymentPostprocessing = 0;
		};
/* End PBXFrameworksBuildPhase section */

/* Begin PBXGroup section */
		821CAA152A4CDF31002517A2 = {
			isa = PBXGroup;
			children = (
				821CAA202A4CDF31002517A2 /* Astro Torch */,
				821CAA3A2A4CDF39002517A2 /* Astro TorchTests */,
				821CAA442A4CDF39002517A2 /* Astro TorchUITests */,
				821CAA1F2A4CDF31002517A2 /* Products */,
			);
			sourceTree = "<group>";
		};
		821CAA1F2A4CDF31002517A2 /* Products */ = {
			isa = PBXGroup;
			children = (
				821CAA1E2A4CDF31002517A2 /* Astro Torch.app */,
				821CAA372A4CDF39002517A2 /* Astro TorchTests.xctest */,
				821CAA412A4CDF39002517A2 /* Astro TorchUITests.xctest */,
			);
			name = Products;
			sourceTree = "<group>";
		};
		821CAA202A4CDF31002517A2 /* Astro Torch */ = {
			isa = PBXGroup;
			children = (
				821CAA212A4CDF31002517A2 /* AppDelegate.swift */,
				821CAA232A4CDF31002517A2 /* SceneDelegate.swift */,
				821CAA252A4CDF31002517A2 /* ViewController.swift */,
				821CAA272A4CDF31002517A2 /* Main.storyboard */,
				821CAA2D2A4CDF39002517A2 /* Assets.xcassets */,
				821CAA2F2A4CDF39002517A2 /* LaunchScreen.storyboard */,
				821CAA322A4CDF39002517A2 /* Info.plist */,
				821CAA2A2A4CDF31002517A2 /* Astro_Torch.xcdatamodeld */,
			);
			path = "Astro Torch";
			sourceTree = "<group>";
		};
		821CAA3A2A4CDF39002517A2 /* Astro TorchTests */ = {
			isa = PBXGroup;
			children = (
				821CAA3B2A4CDF39002517A2 /* Astro_TorchTests.swift */,
			);
			path = "Astro TorchTests";
			sourceTree = "<group>";
		};
		821CAA442A4CDF39002517A2 /* Astro TorchUITests */ = {
			isa = PBXGroup;
			children = (
				821CAA452A4CDF39002517A2 /* Astro_TorchUITests.swift */,
				821CAA472A4CDF39002517A2 /* Astro_TorchUITestsLaunchTests.swift */,
			);
			path = "Astro TorchUITests";
			sourceTree = "<group>";
		};
/* End PBXGroup section */

/* Begin PBXNativeTarget section */
		821CAA1D2A4CDF31002517A2 /* Astro Torch */ = {
			isa = PBXNativeTarget;
			buildConfigurationList = 821CAA4B2A4CDF39002517A2 /* Build configuration list for PBXNativeTarget "Astro Torch" */;
			buildPhases = (
				821CAA1A2A4CDF31002517A2 /* Sources */,
				821CAA1B2A4CDF31002517A2 /* Frameworks */,
				821CAA1C2A4CDF31002517A2 /* Resources */,
			);
			buildRules = (
			);
			dependencies = (
			);
			name = "Astro Torch";
			productName = "Astro Torch";
			productReference = 821CAA1E2A4CDF31002517A2 /* Astro Torch.app */;
			productType = "com.apple.product-type.application";
		};
		821CAA362A4CDF39002517A2 /* Astro TorchTests */ = {
			isa = PBXNativeTarget;
			buildConfigurationList = 821CAA4E2A4CDF39002517A2 /* Build configuration list for PBXNativeTarget "Astro TorchTests" */;
			buildPhases = (
				821CAA332A4CDF39002517A2 /* Sources */,
				821CAA342A4CDF39002517A2 /* Frameworks */,
				821CAA352A4CDF39002517A2 /* Resources */,
			);
			buildRules = (
			);
			dependencies = (
				821CAA392A4CDF39002517A2 /* PBXTargetDependency */,
			);
			name = "Astro TorchTests";
			productName = "Astro TorchTests";
			productReference = 821CAA372A4CDF39002517A2 /* Astro TorchTests.xctest */;
			productType = "com.apple.product-type.bundle.unit-test";
		};
		821CAA402A4CDF39002517A2 /* Astro TorchUITests */ = {
			isa = PBXNativeTarget;
			buildConfigurationList = 821CAA512A4CDF39002517A2 /* Build configuration list for PBXNativeTarget "Astro TorchUITests" */;
			buildPhases = (
				821CAA3D2A4CDF39002517A2 /* Sources */,
				821CAA3E2A4CDF39002517A2 /* Frameworks */,
				821CAA3F2A4CDF39002517A2 /* Resources */,
			);
			buildRules = (
			);
			dependencies = (
				821CAA432A4CDF39002517A2 /* PBXTargetDependency */,
			);
			name = "Astro TorchUITests";
			productName = "Astro TorchUITests";
			productReference = 821CAA412A4CDF39002517A2 /* Astro TorchUITests.xctest */;
			productType = "com.apple.product-type.bundle.ui-testing";
		};
/* End PBXNativeTarget section */

/* Begin PBXProject section */
		821CAA162A4CDF31002517A2 /* Project object */ = {
			isa = PBXProject;
			attributes = {
				BuildIndependentTargetsInParallel = 1;
				LastSwiftUpdateCheck = 1430;
				LastUpgradeCheck = 1430;
				TargetAttributes = {
					821CAA1D2A4CDF31002517A2 = {
						CreatedOnToolsVersion = 14.3;
					};
					821CAA362A4CDF39002517A2 = {
						CreatedOnToolsVersion = 14.3;
						TestTargetID = 821CAA1D2A4CDF31002517A2;
					};
					821CAA402A4CDF39002517A2 = {
						CreatedOnToolsVersion = 14.3;
						TestTargetID = 821CAA1D2A4CDF31002517A2;
					};
				};
			};
			buildConfigurationList = 821CAA192A4CDF31002517A2 /* Build configuration list for PBXProject "Astro Torch" */;
			compatibilityVersion = "Xcode 14.0";
			developmentRegion = en;
			hasScannedForEncodings = 0;
			knownRegions = (
				en,
				Base,
			);
			mainGroup = 821CAA152A4CDF31002517A2;
			productRefGroup = 821CAA1F2A4CDF31002517A2 /* Products */;
			projectDirPath = "";
			projectRoot = "";
			targets = (
				821CAA1D2A4CDF31002517A2 /* Astro Torch */,
				821CAA362A4CDF39002517A2 /* Astro TorchTests */,
				821CAA402A4CDF39002517A2 /* Astro TorchUITests */,
			);
		};
/* End PBXProject section */

/* Begin PBXResourcesBuildPhase section */
		821CAA1C2A4CDF31002517A2 /* Resources */ = {
			isa = PBXResourcesBuildPhase;
			buildActionMask = 2147483647;
			files = (
				821CAA312A4CDF39002517A2 /* LaunchScreen.storyboard in Resources */,
				821CAA2E2A4CDF39002517A2 /* Assets.xcassets in Resources */,
				821CAA292A4CDF31002517A2 /* Main.storyboard in Resources */,
			);
			runOnlyForDeploymentPostprocessing = 0;
		};
		821CAA352A4CDF39002517A2 /* Resources */ = {
			isa = PBXResourcesBuildPhase;
			buildActionMask = 2147483647;
			files = (
			);
			runOnlyForDeploymentPostprocessing = 0;
		};
		821CAA3F2A4CDF39002517A2 /* Resources */ = {
			isa = PBXResourcesBuildPhase;
			buildActionMask = 2147483647;
			files = (
			);
			runOnlyForDeploymentPostprocessing = 0;
		};
/* End PBXResourcesBuildPhase section */

/* Begin PBXSourcesBuildPhase section */
		821CAA1A2A4CDF31002517A2 /* Sources */ = {
			isa = PBXSourcesBuildPhase;
			buildActionMask = 2147483647;
			files = (
				821CAA2C2A4CDF31002517A2 /* Astro_Torch.xcdatamodeld in Sources */,
				821CAA262A4CDF31002517A2 /* ViewController.swift in Sources */,
				821CAA222A4CDF31002517A2 /* AppDelegate.swift in Sources */,
				821CAA242A4CDF31002517A2 /* SceneDelegate.swift in Sources */,
			);
			runOnlyForDeploymentPostprocessing = 0;
		};
		821CAA332A4CDF39002517A2 /* Sources */ = {
			isa = PBXSourcesBuildPhase;
			buildActionMask = 2147483647;
			files = (
				821CAA3C2A4CDF39002517A2 /* Astro_TorchTests.swift in Sources */,
			);
			runOnlyForDeploymentPostprocessing = 0;
		};
		821CAA3D2A4CDF39002517A2 /* Sources */ = {
			isa = PBXSourcesBuildPhase;
			buildActionMask = 2147483647;
			files = (
				821CAA462A4CDF39002517A2 /* Astro_TorchUITests.swift in Sources */,
				821CAA482A4CDF39002517A2 /* Astro_TorchUITestsLaunchTests.swift in Sources */,
			);
			runOnlyForDeploymentPostprocessing = 0;
		};
/* End PBXSourcesBuildPhase section */

/* Begin PBXTargetDependency section */
		821CAA392A4CDF39002517A2 /* PBXTargetDependency */ = {
			isa = PBXTargetDependency;
			target = 821CAA1D2A4CDF31002517A2 /* Astro Torch */;
			targetProxy = 821CAA382A4CDF39002517A2 /* PBXContainerItemProxy */;
		};
		821CAA432A4CDF39002517A2 /* PBXTargetDependency */ = {
			isa = PBXTargetDependency;
			target = 821CAA1D2A4CDF31002517A2 /* Astro Torch */;
			targetProxy = 821CAA422A4CDF39002517A2 /* PBXContainerItemProxy */;
		};
/* End PBXTargetDependency section */

/* Begin PBXVariantGroup section */
		821CAA272A4CDF31002517A2 /* Main.storyboard */ = {
			isa = PBXVariantGroup;
			children = (
				821CAA282A4CDF31002517A2 /* Base */,
			);
			name = Main.storyboard;
			sourceTree = "<group>";
		};
		821CAA2F2A4CDF39002517A2 /* LaunchScreen.storyboard */ = {
			isa = PBXVariantGroup;
			children = (
				821CAA302A4CDF39002517A2 /* Base */,
			);
			name = LaunchScreen.storyboard;
			sourceTree = "<group>";
		};
/* End PBXVariantGroup section */

/* Begin XCBuildConfiguration section */
		821CAA492A4CDF39002517A2 /* Debug */ = {
			isa = XCBuildConfiguration;
			buildSettings = {
				ALWAYS_SEARCH_USER_PATHS = NO;
				CLANG_ANALYZER_NONNULL = YES;
				CLANG_ANALYZER_NUMBER_OBJECT_CONVERSION = YES_AGGRESSIVE;
				CLANG_CXX_LANGUAGE_STANDARD = "gnu++20";
				CLANG_ENABLE_MODULES = YES;
				CLANG_ENABLE_OBJC_ARC = YES;
				CLANG_ENABLE_OBJC_WEAK = YES;
				CLANG_WARN_BLOCK_CAPTURE_AUTORELEASING = YES;
				CLANG_WARN_BOOL_CONVERSION = YES;
				CLANG_WARN_COMMA = YES;
				CLANG_WARN_CONSTANT_CONVERSION = YES;
				CLANG_WARN_DEPRECATED_OBJC_IMPLEMENTATIONS = YES;
				CLANG_WARN_DIRECT_OBJC_ISA_USAGE = YES_ERROR;
				CLANG_WARN_DOCUMENTATION_COMMENTS = YES;
				CLANG_WARN_EMPTY_BODY = YES;
				CLANG_WARN_ENUM_CONVERSION = YES;
				CLANG_WARN_INFINITE_RECURSION = YES;
				CLANG_WARN_INT_CONVERSION = YES;
				CLANG_WARN_NON_LITERAL_NULL_CONVERSION = YES;
				CLANG_WARN_OBJC_IMPLICIT_RETAIN_SELF = YES;
				CLANG_WARN_OBJC_LITERAL_CONVERSION = YES;
				CLANG_WARN_OBJC_ROOT_CLASS = YES_ERROR;
				CLANG_WARN_QUOTED_INCLUDE_IN_FRAMEWORK_HEADER = YES;
				CLANG_WARN_RANGE_LOOP_ANALYSIS = YES;
				CLANG_WARN_STRICT_PROTOTYPES = YES;
				CLANG_WARN_SUSPICIOUS_MOVE = YES;
				CLANG_WARN_UNGUARDED_AVAILABILITY = YES_AGGRESSIVE;
				CLANG_WARN_UNREACHABLE_CODE = YES;
				CLANG_WARN__DUPLICATE_METHOD_MATCH = YES;
				COPY_PHASE_STRIP = NO;
				DEBUG_INFORMATION_FORMAT = dwarf;
				ENABLE_STRICT_OBJC_MSGSEND = YES;
				ENABLE_TESTABILITY = YES;
				GCC_C_LANGUAGE_STANDARD = gnu11;
				GCC_DYNAMIC_NO_PIC = NO;
				GCC_NO_COMMON_BLOCKS = YES;
				GCC_OPTIMIZATION_LEVEL = 0;
				GCC_PREPROCESSOR_DEFINITIONS = (
					"DEBUG=1",
					"$(inherited)",
				);
				GCC_WARN_64_TO_32_BIT_CONVERSION = YES;
				GCC_WARN_ABOUT_RETURN_TYPE = YES_ERROR;
				GCC_WARN_UNDECLARED_SELECTOR = YES;
				GCC_WARN_UNINITIALIZED_AUTOS = YES_AGGRESSIVE;
				GCC_WARN_UNUSED_FUNCTION = YES;
				GCC_WARN_UNUSED_VARIABLE = YES;
				IPHONEOS_DEPLOYMENT_TARGET = 16.4;
				MTL_ENABLE_DEBUG_INFO = INCLUDE_SOURCE;
				MTL_FAST_MATH = YES;
				ONLY_ACTIVE_ARCH = YES;
				SDKROOT = iphoneos;
				SWIFT_ACTIVE_COMPILATION_CONDITIONS = DEBUG;
				SWIFT_OPTIMIZATION_LEVEL = "-Onone";
			};
			name = Debug;
		};
		821CAA4A2A4CDF39002517A2 /* Release */ = {
			isa = XCBuildConfiguration;
			buildSettings = {
				ALWAYS_SEARCH_USER_PATHS = NO;
				CLANG_ANALYZER_NONNULL = YES;
				CLANG_ANALYZER_NUMBER_OBJECT_CONVERSION = YES_AGGRESSIVE;
				CLANG_CXX_LANGUAGE_STANDARD = "gnu++20";
				CLANG_ENABLE_MODULES = YES;
				CLANG_ENABLE_OBJC_ARC = YES;
				CLANG_ENABLE_OBJC_WEAK = YES;
				CLANG_WARN_BLOCK_CAPTURE_AUTORELEASING = YES;
				CLANG_WARN_BOOL_CONVERSION = YES;
				CLANG_WARN_COMMA = YES;
				CLANG_WARN_CONSTANT_CONVERSION = YES;
				CLANG_WARN_DEPRECATED_OBJC_IMPLEMENTATIONS = YES;
				CLANG_WARN_DIRECT_OBJC_ISA_USAGE = YES_ERROR;
				CLANG_WARN_DOCUMENTATION_COMMENTS = YES;
				CLANG_WARN_EMPTY_BODY = YES;
				CLANG_WARN_ENUM_CONVERSION = YES;
				CLANG_WARN_INFINITE_RECURSION = YES;
				CLANG_WARN_INT_CONVERSION = YES;
				CLANG_WARN_NON_LITERAL_NULL_CONVERSION = YES;
				CLANG_WARN_OBJC_IMPLICIT_RETAIN_SELF = YES;
				CLANG_WARN_OBJC_LITERAL_CONVERSION = YES;
				CLANG_WARN_OBJC_ROOT_CLASS = YES_ERROR;
				CLANG_WARN_QUOTED_INCLUDE_IN_FRAMEWORK_HEADER = YES;
				CLANG_WARN_RANGE_LOOP_ANALYSIS = YES;
				CLANG_WARN_STRICT_PROTOTYPES = YES;
				CLANG_WARN_SUSPICIOUS_MOVE = YES;
				CLANG_WARN_UNGUARDED_AVAILABILITY = YES_AGGRESSIVE;
				CLANG_WARN_UNREACHABLE_CODE = YES;
				CLANG_WARN__DUPLICATE_METHOD_MATCH = YES;
				COPY_PHASE_STRIP = NO;
				DEBUG_INFORMATION_FORMAT = "dwarf-with-dsym";
				ENABLE_NS_ASSERTIONS = NO;
				ENABLE_STRICT_OBJC_MSGSEND = YES;
				GCC_C_LANGUAGE_STANDARD = gnu11;
				GCC_NO_COMMON_BLOCKS = YES;
				GCC_WARN_64_TO_32_BIT_CONVERSION = YES;
				GCC_WARN_ABOUT_RETURN_TYPE = YES_ERROR;
				GCC_WARN_UNDECLARED_SELECTOR = YES;
				GCC_WARN_UNINITIALIZED_AUTOS = YES_AGGRESSIVE;
				GCC_WARN_UNUSED_FUNCTION = YES;
				GCC_WARN_UNUSED_VARIABLE = YES;
				IPHONEOS_DEPLOYMENT_TARGET = 16.4;
				MTL_ENABLE_DEBUG_INFO = NO;
				MTL_FAST_MATH = YES;
				SDKROOT = iphoneos;
				SWIFT_COMPILATION_MODE = wholemodule;
				SWIFT_OPTIMIZATION_LEVEL = "-O";
				VALIDATE_PRODUCT = YES;
			};
			name = Release;
		};
		821CAA4C2A4CDF39002517A2 /* Debug */ = {
			isa = XCBuildConfiguration;
			buildSettings = {
				ASSETCATALOG_COMPILER_APPICON_NAME = AppIcon;
				ASSETCATALOG_COMPILER_GLOBAL_ACCENT_COLOR_NAME = AccentColor;
				CODE_SIGN_STYLE = Automatic;
				CURRENT_PROJECT_VERSION = 1;
				GENERATE_INFOPLIST_FILE = YES;
				INFOPLIST_FILE = "Astro Torch/Info.plist";
				INFOPLIST_KEY_UIApplicationSupportsIndirectInputEvents = YES;
				INFOPLIST_KEY_UILaunchStoryboardName = LaunchScreen;
				INFOPLIST_KEY_UIMainStoryboardFile = Main;
				INFOPLIST_KEY_UISupportedInterfaceOrientations_iPad = "UIInterfaceOrientationPortrait UIInterfaceOrientationPortraitUpsideDown UIInterfaceOrientationLandscapeLeft UIInterfaceOrientationLandscapeRight";
				INFOPLIST_KEY_UISupportedInterfaceOrientations_iPhone = "UIInterfaceOrientationPortrait UIInterfaceOrientationLandscapeLeft UIInterfaceOrientationLandscapeRight";
				LD_RUNPATH_SEARCH_PATHS = (
					"$(inherited)",
					"@executable_path/Frameworks",
				);
				MARKETING_VERSION = 1.0;
				PRODUCT_BUNDLE_IDENTIFIER = "com.gyap.Astro-Torch";
				PRODUCT_NAME = "$(TARGET_NAME)";
				SWIFT_EMIT_LOC_STRINGS = YES;
				SWIFT_VERSION = 5.0;
				TARGETED_DEVICE_FAMILY = "1,2";
			};
			name = Debug;
		};
		821CAA4D2A4CDF39002517A2 /* Release */ = {
			isa = XCBuildConfiguration;
			buildSettings = {
				ASSETCATALOG_COMPILER_APPICON_NAME = AppIcon;
				ASSETCATALOG_COMPILER_GLOBAL_ACCENT_COLOR_NAME = AccentColor;
				CODE_SIGN_STYLE = Automatic;
				CURRENT_PROJECT_VERSION = 1;
				GENERATE_INFOPLIST_FILE = YES;
				INFOPLIST_FILE = "Astro Torch/Info.plist";
				INFOPLIST_KEY_UIApplicationSupportsIndirectInputEvents = YES;
				INFOPLIST_KEY_UILaunchStoryboardName = LaunchScreen;
				INFOPLIST_KEY_UIMainStoryboardFile = Main;
				INFOPLIST_KEY_UISupportedInterfaceOrientations_iPad = "UIInterfaceOrientationPortrait UIInterfaceOrientationPortraitUpsideDown UIInterfaceOrientationLandscapeLeft UIInterfaceOrientationLandscapeRight";
				INFOPLIST_KEY_UISupportedInterfaceOrientations_iPhone = "UIInterfaceOrientationPortrait UIInterfaceOrientationLandscapeLeft UIInterfaceOrientationLandscapeRight";
				LD_RUNPATH_SEARCH_PATHS = (
					"$(inherited)",
					"@executable_path/Frameworks",
				);
				MARKETING_VERSION = 1.0;
				PRODUCT_BUNDLE_IDENTIFIER = "com.gyap.Astro-Torch";
				PRODUCT_NAME = "$(TARGET_NAME)";
				SWIFT_EMIT_LOC_STRINGS = YES;
				SWIFT_VERSION = 5.0;
				TARGETED_DEVICE_FAMILY = "1,2";
			};
			name = Release;
		};
		821CAA4F2A4CDF39002517A2 /* Debug */ = {
			isa = XCBuildConfiguration;
			buildSettings = {
				ALWAYS_EMBED_SWIFT_STANDARD_LIBRARIES = YES;
				BUNDLE_LOADER = "$(TEST_HOST)";
				CODE_SIGN_STYLE = Automatic;
				CURRENT_PROJECT_VERSION = 1;
				GENERATE_INFOPLIST_FILE = YES;
				IPHONEOS_DEPLOYMENT_TARGET = 16.4;
				MARKETING_VERSION = 1.0;
				PRODUCT_BUNDLE_IDENTIFIER = "com.gyap.Astro-TorchTests";
				PRODUCT_NAME = "$(TARGET_NAME)";
				SWIFT_EMIT_LOC_STRINGS = NO;
				SWIFT_VERSION = 5.0;
				TARGETED_DEVICE_FAMILY = "1,2";
				TEST_HOST = "$(BUILT_PRODUCTS_DIR)/Astro Torch.app/$(BUNDLE_EXECUTABLE_FOLDER_PATH)/Astro Torch";
			};
			name = Debug;
		};
		821CAA502A4CDF39002517A2 /* Release */ = {
			isa = XCBuildConfiguration;
			buildSettings = {
				ALWAYS_EMBED_SWIFT_STANDARD_LIBRARIES = YES;
				BUNDLE_LOADER = "$(TEST_HOST)";
				CODE_SIGN_STYLE = Automatic;
				CURRENT_PROJECT_VERSION = 1;
				GENERATE_INFOPLIST_FILE = YES;
				IPHONEOS_DEPLOYMENT_TARGET = 16.4;
				MARKETING_VERSION = 1.0;
				PRODUCT_BUNDLE_IDENTIFIER = "com.gyap.Astro-TorchTests";
				PRODUCT_NAME = "$(TARGET_NAME)";
				SWIFT_EMIT_LOC_STRINGS = NO;
				SWIFT_VERSION = 5.0;
				TARGETED_DEVICE_FAMILY = "1,2";
				TEST_HOST = "$(BUILT_PRODUCTS_DIR)/Astro Torch.app/$(BUNDLE_EXECUTABLE_FOLDER_PATH)/Astro Torch";
			};
			name = Release;
		};
		821CAA522A4CDF39002517A2 /* Debug */ = {
			isa = XCBuildConfiguration;
			buildSettings = {
				ALWAYS_EMBED_SWIFT_STANDARD_LIBRARIES = YES;
				CODE_SIGN_STYLE = Automatic;
				CURRENT_PROJECT_VERSION = 1;
				GENERATE_INFOPLIST_FILE = YES;
				MARKETING_VERSION = 1.0;
				PRODUCT_BUNDLE_IDENTIFIER = "com.gyap.Astro-TorchUITests";
				PRODUCT_NAME = "$(TARGET_NAME)";
				SWIFT_EMIT_LOC_STRINGS = NO;
				SWIFT_VERSION = 5.0;
				TARGETED_DEVICE_FAMILY = "1,2";
				TEST_TARGET_NAME = "Astro Torch";
			};
			name = Debug;
		};
		821CAA532A4CDF39002517A2 /* Release */ = {
			isa = XCBuildConfiguration;
			buildSettings = {
				ALWAYS_EMBED_SWIFT_STANDARD_LIBRARIES = YES;
				CODE_SIGN_STYLE = Automatic;
				CURRENT_PROJECT_VERSION = 1;
				GENERATE_INFOPLIST_FILE = YES;
				MARKETING_VERSION = 1.0;
				PRODUCT_BUNDLE_IDENTIFIER = "com.gyap.Astro-TorchUITests";
				PRODUCT_NAME = "$(TARGET_NAME)";
				SWIFT_EMIT_LOC_STRINGS = NO;
				SWIFT_VERSION = 5.0;
				TARGETED_DEVICE_FAMILY = "1,2";
				TEST_TARGET_NAME = "Astro Torch";
			};
			name = Release;
		};
/* End XCBuildConfiguration section */

/* Begin XCConfigurationList section */
		821CAA192A4CDF31002517A2 /* Build configuration list for PBXProject "Astro Torch" */ = {
			isa = XCConfigurationList;
			buildConfigurations = (
				821CAA492A4CDF39002517A2 /* Debug */,
				821CAA4A2A4CDF39002517A2 /* Release */,
			);
			defaultConfigurationIsVisible = 0;
			defaultConfigurationName = Release;
		};
		821CAA4B2A4CDF39002517A2 /* Build configuration list for PBXNativeTarget "Astro Torch" */ = {
			isa = XCConfigurationList;
			buildConfigurations = (
				821CAA4C2A4CDF39002517A2 /* Debug */,
				821CAA4D2A4CDF39002517A2 /* Release */,
			);
			defaultConfigurationIsVisible = 0;
			defaultConfigurationName = Release;
		};
		821CAA4E2A4CDF39002517A2 /* Build configuration list for PBXNativeTarget "Astro TorchTests" */ = {
			isa = XCConfigurationList;
			buildConfigurations = (
				821CAA4F2A4CDF39002517A2 /* Debug */,
				821CAA502A4CDF39002517A2 /* Release */,
			);
			defaultConfigurationIsVisible = 0;
			defaultConfigurationName = Release;
		};
		821CAA512A4CDF39002517A2 /* Build configuration list for PBXNativeTarget "Astro TorchUITests" */ = {
			isa = XCConfigurationList;
			buildConfigurations = (
				821CAA522A4CDF39002517A2 /* Debug */,
				821CAA532A4CDF39002517A2 /* Release */,
			);
			defaultConfigurationIsVisible = 0;
			defaultConfigurationName = Release;
		};
/* End XCConfigurationList section */

/* Begin XCVersionGroup section */
		821CAA2A2A4CDF31002517A2 /* Astro_Torch.xcdatamodeld */ = {
			isa = XCVersionGroup;
			children = (
				821CAA2B2A4CDF31002517A2 /* Astro_Torch.xcdatamodel */,
			);
			currentVersion = 821CAA2B2A4CDF31002517A2 /* Astro_Torch.xcdatamodel */;
			path = Astro_Torch.xcdatamodeld;
			sourceTree = "<group>";
			versionGroupType = wrapper.xcdatamodel;
		};
/* End XCVersionGroup section */
	};
	rootObject = 821CAA162A4CDF31002517A2 /* Project object */;
}
